
Microsoft Visual Studio Solution File, Format Version 12.00
# Visual Studio Version 16
VisualStudioVersion = 16.0.30523.141
MinimumVisualStudioVersion = 10.0.40219.1
Project("{FAE04EC0-301F-11D3-BF4B-00C04F79EFBC}") = "lab3", "lab3\lab3.csproj", "{2B7295D7-C057-4C17-8A7D-8E927B21EB78}"
EndProject
Global
	GlobalSection(SolutionConfigurationPlatforms) = preSolution
		Debug|Any CPU = Debug|Any CPU
		Release|Any CPU = Release|Any CPU
	EndGlobalSection
	GlobalSection(ProjectConfigurationPlatforms) = postSolution
		{2B7295D7-C057-4C17-8A7D-8E927B21EB78}.Debug|Any CPU.ActiveCfg = Debug|Any CPU
		{2B7295D7-C057-4C17-8A7D-8E927B21EB78}.Debug|Any CPU.Build.0 = Debug|Any CPU
		{2B7295D7-C057-4C17-8A7D-8E927B21EB78}.Release|Any CPU.ActiveCfg = Release|Any CPU
		{2B7295D7-C057-4C17-8A7D-8E927B21EB78}.Release|Any CPU.Build.0 = Release|Any CPU
	EndGlobalSection
	GlobalSection(SolutionProperties) = preSolution
		HideSolutionNode = FALSE
	EndGlobalSection
	GlobalSection(ExtensibilityGlobals) = postSolution
		SolutionGuid = {5F93AE5A-5C0D-4A00-83BA-A39FA5689E28}
	EndGlobalSection
EndGlobal
